
Microsoft Visual Studio Solution File, Format Version 12.00
# Visual Studio Version 17
VisualStudioVersion = 17.14.36623.8 d17.14
MinimumVisualStudioVersion = 10.0.40219.1
Project("{54A90642-561A-4BB1-A94E-469ADEE60C69}") = "TFX.Core.UI", "TFX.Core.UI.esproj", "{073AD49C-76F4-5678-3010-7887A1AE7438}"
EndProject
Global
	GlobalSection(SolutionConfigurationPlatforms) = preSolution
		Debug|Any CPU = Debug|Any CPU
		Release|Any CPU = Release|Any CPU
	EndGlobalSection
	GlobalSection(ProjectConfigurationPlatforms) = postSolution
		{073AD49C-76F4-5678-3010-7887A1AE7438}.Debug|Any CPU.ActiveCfg = Debug|Any CPU
		{073AD49C-76F4-5678-3010-7887A1AE7438}.Debug|Any CPU.Build.0 = Debug|Any CPU
		{073AD49C-76F4-5678-3010-7887A1AE7438}.Debug|Any CPU.Deploy.0 = Debug|Any CPU
		{073AD49C-76F4-5678-3010-7887A1AE7438}.Release|Any CPU.ActiveCfg = Release|Any CPU
		{073AD49C-76F4-5678-3010-7887A1AE7438}.Release|Any CPU.Build.0 = Release|Any CPU
		{073AD49C-76F4-5678-3010-7887A1AE7438}.Release|Any CPU.Deploy.0 = Release|Any CPU
	EndGlobalSection
	GlobalSection(SolutionProperties) = preSolution
		HideSolutionNode = FALSE
	EndGlobalSection
	GlobalSection(ExtensibilityGlobals) = postSolution
		SolutionGuid = {1F3664C0-5A4C-4E8C-B6EE-9F017AAB997D}
	EndGlobalSection
EndGlobal
