
Microsoft Visual Studio Solution File, Format Version 12.00
# Visual Studio Version 17
VisualStudioVersion = 17.0.31717.71
MinimumVisualStudioVersion = 10.0.40219.1
Project("{2150E333-8FDC-42A3-9474-1A3956D46DE8}") = "Application", "Application", "{7B0D0F77-9A35-4199-A894-438DBDB6EB77}"
EndProject
Project("{2150E333-8FDC-42A3-9474-1A3956D46DE8}") = "Solution Items", "Solution Items", "{ACEFCB9B-D309-4EC0-BDC0-9B2A2E53B814}"
	ProjectSection(SolutionItems) = preProject
		.editorconfig = .editorconfig
		DASE.dsslninfo = DASE.dsslninfo
	EndProjectSection
EndProject
Project("{2150E333-8FDC-42A3-9474-1A3956D46DE8}") = "Core", "Core", "{6EB00041-D9F4-4A24-BC19-AE55BD16D930}"
EndProject
Project("{9A19103F-16F7-4668-BE54-9A1E7A4F7556}") = "TFX.Core", "..\TFX-Core\TFX.Core\TFX.Core.csproj", "{E18E6284-5533-4FCC-A15C-7221648AAC77}"
EndProject
Project("{9A19103F-16F7-4668-BE54-9A1E7A4F7556}") = "TFX.Core.Model", "..\TFX-Core\TFX.Core.Model\TFX.Core.Model.csproj", "{9029B514-9A49-4CCC-AA0F-E3EDCD7A6A52}"
EndProject
Project("{2150E333-8FDC-42A3-9474-1A3956D46DE8}") = "Modules", "Modules", "{57BAAC60-13E0-4B56-AAE9-6A8DF6A6DDBE}"
EndProject
Project("{9A19103F-16F7-4668-BE54-9A1E7A4F7556}") = "Projecao.Core.CEP", "Modules\Projecao.Core.CEP\Projecao.Core.CEP.csproj", "{86C8282F-31CF-419F-99DF-18D84C561EC7}"
EndProject
Project("{9A19103F-16F7-4668-BE54-9A1E7A4F7556}") = "Projecao.Core.ERP", "Modules\Projecao.Core.ERP\Projecao.Core.ERP.csproj", "{4EAAA9C2-CF99-46BF-AA6D-67418E998278}"
EndProject
Project("{9A19103F-16F7-4668-BE54-9A1E7A4F7556}") = "TFX.Core.Service", "..\TFX-Core\TFX.Core.Service\TFX.Core.Service.csproj", "{AD32DD78-8022-46DC-BE63-F03D14AA7B23}"
EndProject
Project("{9A19103F-16F7-4668-BE54-9A1E7A4F7556}") = "TFX.Core.Service.Test", "..\TFX-Core\TFX.Core.Service.Test\TFX.Core.Service.Test.csproj", "{8350F70B-4A53-4E3F-90CA-D02F61551448}"
EndProject
Project("{9A19103F-16F7-4668-BE54-9A1E7A4F7556}") = "Projecao.Core.CEP.Test", "Modules\Projecao.Core.CEP.Test\Projecao.Core.CEP.Test.csproj", "{A72CBF98-D280-44D3-B14A-8C0329C62035}"
EndProject
Project("{9A19103F-16F7-4668-BE54-9A1E7A4F7556}") = "Projecao.Core.ERP.Test", "Modules\Projecao.Core.ERP.Test\Projecao.Core.ERP.Test.csproj", "{7C89AE48-4AAD-4EF1-A75A-4EC2CF739990}"
EndProject
Project("{9A19103F-16F7-4668-BE54-9A1E7A4F7556}") = "TFX.CIT.Core", "..\TFX-Core\Test\TFX.CIT.Core\TFX.CIT.Core.csproj", "{BCC14AEB-CCC8-4476-8A1C-D8AB9E627B53}"
EndProject
Project("{2150E333-8FDC-42A3-9474-1A3956D46DE8}") = "Tools", "Tools", "{E5487D6E-0BA9-4EC9-AFC7-81B11DAD15F2}"
EndProject
Project("{9A19103F-16F7-4668-BE54-9A1E7A4F7556}") = "TFX.Core.Remote", "TFX.Core.Remote\TFX.Core.Remote.csproj", "{401A8B9E-13CA-428D-A7EB-FD4CC31FC4EA}"
EndProject
Project("{9A19103F-16F7-4668-BE54-9A1E7A4F7556}") = "TFXTestRunner", "..\TFX-Core\Test\TFXTestRunner\TFXTestRunner.csproj", "{A8D51453-0713-42B0-A387-37169C019442}"
EndProject
Project("{2150E333-8FDC-42A3-9474-1A3956D46DE8}") = "CI", "CI", "{C078A912-A106-458F-9187-6F16421935AB}"
EndProject
Project("{9A19103F-16F7-4668-BE54-9A1E7A4F7556}") = "Launcher", "..\TFX-Core\Launcher\Launcher.csproj", "{71D932B0-E768-4EA8-9582-1A74CEECFB4D}"
EndProject
Project("{9A19103F-16F7-4668-BE54-9A1E7A4F7556}") = "TFX.CI.Test", "..\TFX-Core\Test\CI\TFX.CI.Test\TFX.CI.Test.csproj", "{809F5F10-C8B9-4C01-90F0-48D8FB02D94B}"
EndProject
Project("{9A19103F-16F7-4668-BE54-9A1E7A4F7556}") = "DBCreator", "..\TFX-Core\Test\CI\DBCreator\DBCreator.csproj", "{A554DBC3-C9CC-480B-A565-93BA04DAABE7}"
EndProject
Project("{9A19103F-16F7-4668-BE54-9A1E7A4F7556}") = "RPTTest", "Tools\RPTTest\RPTTest.csproj", "{2319C479-B454-4BEE-97DC-8A7CA118004D}"
EndProject
Global
	GlobalSection(SolutionConfigurationPlatforms) = preSolution
		Debug|Any CPU = Debug|Any CPU
		Debug|x64 = Debug|x64
		Debug|x86 = Debug|x86
		Linux|Any CPU = Linux|Any CPU
		Linux|x64 = Linux|x64
		Linux|x86 = Linux|x86
		LocalDebug|Any CPU = LocalDebug|Any CPU
		LocalDebug|x64 = LocalDebug|x64
		LocalDebug|x86 = LocalDebug|x86
		Release|Any CPU = Release|Any CPU
		Release|x64 = Release|x64
		Release|x86 = Release|x86
	EndGlobalSection
	GlobalSection(ProjectConfigurationPlatforms) = postSolution
		{E18E6284-5533-4FCC-A15C-7221648AAC77}.Debug|Any CPU.ActiveCfg = Debug|Any CPU
		{E18E6284-5533-4FCC-A15C-7221648AAC77}.Debug|Any CPU.Build.0 = Debug|Any CPU
		{E18E6284-5533-4FCC-A15C-7221648AAC77}.Debug|x64.ActiveCfg = Debug|Any CPU
		{E18E6284-5533-4FCC-A15C-7221648AAC77}.Debug|x64.Build.0 = Debug|Any CPU
		{E18E6284-5533-4FCC-A15C-7221648AAC77}.Debug|x86.ActiveCfg = Debug|Any CPU
		{E18E6284-5533-4FCC-A15C-7221648AAC77}.Debug|x86.Build.0 = Debug|Any CPU
		{E18E6284-5533-4FCC-A15C-7221648AAC77}.Linux|Any CPU.ActiveCfg = Linux|Any CPU
		{E18E6284-5533-4FCC-A15C-7221648AAC77}.Linux|Any CPU.Build.0 = Linux|Any CPU
		{E18E6284-5533-4FCC-A15C-7221648AAC77}.Linux|x64.ActiveCfg = Linux|Any CPU
		{E18E6284-5533-4FCC-A15C-7221648AAC77}.Linux|x64.Build.0 = Linux|Any CPU
		{E18E6284-5533-4FCC-A15C-7221648AAC77}.Linux|x86.ActiveCfg = Linux|Any CPU
		{E18E6284-5533-4FCC-A15C-7221648AAC77}.Linux|x86.Build.0 = Linux|Any CPU
		{E18E6284-5533-4FCC-A15C-7221648AAC77}.LocalDebug|Any CPU.ActiveCfg = Linux|Any CPU
		{E18E6284-5533-4FCC-A15C-7221648AAC77}.LocalDebug|Any CPU.Build.0 = Linux|Any CPU
		{E18E6284-5533-4FCC-A15C-7221648AAC77}.LocalDebug|x64.ActiveCfg = Linux|Any CPU
		{E18E6284-5533-4FCC-A15C-7221648AAC77}.LocalDebug|x64.Build.0 = Linux|Any CPU
		{E18E6284-5533-4FCC-A15C-7221648AAC77}.LocalDebug|x86.ActiveCfg = Linux|Any CPU
		{E18E6284-5533-4FCC-A15C-7221648AAC77}.LocalDebug|x86.Build.0 = Linux|Any CPU
		{E18E6284-5533-4FCC-A15C-7221648AAC77}.Release|Any CPU.ActiveCfg = Release|Any CPU
		{E18E6284-5533-4FCC-A15C-7221648AAC77}.Release|Any CPU.Build.0 = Release|Any CPU
		{E18E6284-5533-4FCC-A15C-7221648AAC77}.Release|x64.ActiveCfg = Release|Any CPU
		{E18E6284-5533-4FCC-A15C-7221648AAC77}.Release|x64.Build.0 = Release|Any CPU
		{E18E6284-5533-4FCC-A15C-7221648AAC77}.Release|x86.ActiveCfg = Release|Any CPU
		{E18E6284-5533-4FCC-A15C-7221648AAC77}.Release|x86.Build.0 = Release|Any CPU
		{9029B514-9A49-4CCC-AA0F-E3EDCD7A6A52}.Debug|Any CPU.ActiveCfg = Debug|Any CPU
		{9029B514-9A49-4CCC-AA0F-E3EDCD7A6A52}.Debug|Any CPU.Build.0 = Debug|Any CPU
		{9029B514-9A49-4CCC-AA0F-E3EDCD7A6A52}.Debug|x64.ActiveCfg = Debug|Any CPU
		{9029B514-9A49-4CCC-AA0F-E3EDCD7A6A52}.Debug|x64.Build.0 = Debug|Any CPU
		{9029B514-9A49-4CCC-AA0F-E3EDCD7A6A52}.Debug|x86.ActiveCfg = Debug|Any CPU
		{9029B514-9A49-4CCC-AA0F-E3EDCD7A6A52}.Debug|x86.Build.0 = Debug|Any CPU
		{9029B514-9A49-4CCC-AA0F-E3EDCD7A6A52}.Linux|Any CPU.ActiveCfg = Linux|Any CPU
		{9029B514-9A49-4CCC-AA0F-E3EDCD7A6A52}.Linux|Any CPU.Build.0 = Linux|Any CPU
		{9029B514-9A49-4CCC-AA0F-E3EDCD7A6A52}.Linux|x64.ActiveCfg = Linux|Any CPU
		{9029B514-9A49-4CCC-AA0F-E3EDCD7A6A52}.Linux|x64.Build.0 = Linux|Any CPU
		{9029B514-9A49-4CCC-AA0F-E3EDCD7A6A52}.Linux|x86.ActiveCfg = Linux|Any CPU
		{9029B514-9A49-4CCC-AA0F-E3EDCD7A6A52}.Linux|x86.Build.0 = Linux|Any CPU
		{9029B514-9A49-4CCC-AA0F-E3EDCD7A6A52}.LocalDebug|Any CPU.ActiveCfg = Linux|Any CPU
		{9029B514-9A49-4CCC-AA0F-E3EDCD7A6A52}.LocalDebug|Any CPU.Build.0 = Linux|Any CPU
		{9029B514-9A49-4CCC-AA0F-E3EDCD7A6A52}.LocalDebug|x64.ActiveCfg = Linux|Any CPU
		{9029B514-9A49-4CCC-AA0F-E3EDCD7A6A52}.LocalDebug|x64.Build.0 = Linux|Any CPU
		{9029B514-9A49-4CCC-AA0F-E3EDCD7A6A52}.LocalDebug|x86.ActiveCfg = Linux|Any CPU
		{9029B514-9A49-4CCC-AA0F-E3EDCD7A6A52}.LocalDebug|x86.Build.0 = Linux|Any CPU
		{9029B514-9A49-4CCC-AA0F-E3EDCD7A6A52}.Release|Any CPU.ActiveCfg = Release|Any CPU
		{9029B514-9A49-4CCC-AA0F-E3EDCD7A6A52}.Release|Any CPU.Build.0 = Release|Any CPU
		{9029B514-9A49-4CCC-AA0F-E3EDCD7A6A52}.Release|x64.ActiveCfg = Release|Any CPU
		{9029B514-9A49-4CCC-AA0F-E3EDCD7A6A52}.Release|x64.Build.0 = Release|Any CPU
		{9029B514-9A49-4CCC-AA0F-E3EDCD7A6A52}.Release|x86.ActiveCfg = Release|Any CPU
		{9029B514-9A49-4CCC-AA0F-E3EDCD7A6A52}.Release|x86.Build.0 = Release|Any CPU
		{86C8282F-31CF-419F-99DF-18D84C561EC7}.Debug|Any CPU.ActiveCfg = Debug|Any CPU
		{86C8282F-31CF-419F-99DF-18D84C561EC7}.Debug|Any CPU.Build.0 = Debug|Any CPU
		{86C8282F-31CF-419F-99DF-18D84C561EC7}.Debug|x64.ActiveCfg = Debug|Any CPU
		{86C8282F-31CF-419F-99DF-18D84C561EC7}.Debug|x64.Build.0 = Debug|Any CPU
		{86C8282F-31CF-419F-99DF-18D84C561EC7}.Debug|x86.ActiveCfg = Debug|Any CPU
		{86C8282F-31CF-419F-99DF-18D84C561EC7}.Debug|x86.Build.0 = Debug|Any CPU
		{86C8282F-31CF-419F-99DF-18D84C561EC7}.Linux|Any CPU.ActiveCfg = Linux|Any CPU
		{86C8282F-31CF-419F-99DF-18D84C561EC7}.Linux|Any CPU.Build.0 = Linux|Any CPU
		{86C8282F-31CF-419F-99DF-18D84C561EC7}.Linux|x64.ActiveCfg = Linux|Any CPU
		{86C8282F-31CF-419F-99DF-18D84C561EC7}.Linux|x64.Build.0 = Linux|Any CPU
		{86C8282F-31CF-419F-99DF-18D84C561EC7}.Linux|x86.ActiveCfg = Linux|Any CPU
		{86C8282F-31CF-419F-99DF-18D84C561EC7}.Linux|x86.Build.0 = Linux|Any CPU
		{86C8282F-31CF-419F-99DF-18D84C561EC7}.LocalDebug|Any CPU.ActiveCfg = Linux|Any CPU
		{86C8282F-31CF-419F-99DF-18D84C561EC7}.LocalDebug|Any CPU.Build.0 = Linux|Any CPU
		{86C8282F-31CF-419F-99DF-18D84C561EC7}.LocalDebug|x64.ActiveCfg = Linux|Any CPU
		{86C8282F-31CF-419F-99DF-18D84C561EC7}.LocalDebug|x64.Build.0 = Linux|Any CPU
		{86C8282F-31CF-419F-99DF-18D84C561EC7}.LocalDebug|x86.ActiveCfg = Linux|Any CPU
		{86C8282F-31CF-419F-99DF-18D84C561EC7}.LocalDebug|x86.Build.0 = Linux|Any CPU
		{86C8282F-31CF-419F-99DF-18D84C561EC7}.Release|Any CPU.ActiveCfg = Release|Any CPU
		{86C8282F-31CF-419F-99DF-18D84C561EC7}.Release|Any CPU.Build.0 = Release|Any CPU
		{86C8282F-31CF-419F-99DF-18D84C561EC7}.Release|x64.ActiveCfg = Release|Any CPU
		{86C8282F-31CF-419F-99DF-18D84C561EC7}.Release|x64.Build.0 = Release|Any CPU
		{86C8282F-31CF-419F-99DF-18D84C561EC7}.Release|x86.ActiveCfg = Release|Any CPU
		{86C8282F-31CF-419F-99DF-18D84C561EC7}.Release|x86.Build.0 = Release|Any CPU
		{4EAAA9C2-CF99-46BF-AA6D-67418E998278}.Debug|Any CPU.ActiveCfg = Debug|Any CPU
		{4EAAA9C2-CF99-46BF-AA6D-67418E998278}.Debug|Any CPU.Build.0 = Debug|Any CPU
		{4EAAA9C2-CF99-46BF-AA6D-67418E998278}.Debug|x64.ActiveCfg = Debug|Any CPU
		{4EAAA9C2-CF99-46BF-AA6D-67418E998278}.Debug|x64.Build.0 = Debug|Any CPU
		{4EAAA9C2-CF99-46BF-AA6D-67418E998278}.Debug|x86.ActiveCfg = Debug|Any CPU
		{4EAAA9C2-CF99-46BF-AA6D-67418E998278}.Debug|x86.Build.0 = Debug|Any CPU
		{4EAAA9C2-CF99-46BF-AA6D-67418E998278}.Linux|Any CPU.ActiveCfg = Linux|Any CPU
		{4EAAA9C2-CF99-46BF-AA6D-67418E998278}.Linux|Any CPU.Build.0 = Linux|Any CPU
		{4EAAA9C2-CF99-46BF-AA6D-67418E998278}.Linux|x64.ActiveCfg = Linux|Any CPU
		{4EAAA9C2-CF99-46BF-AA6D-67418E998278}.Linux|x64.Build.0 = Linux|Any CPU
		{4EAAA9C2-CF99-46BF-AA6D-67418E998278}.Linux|x86.ActiveCfg = Linux|Any CPU
		{4EAAA9C2-CF99-46BF-AA6D-67418E998278}.Linux|x86.Build.0 = Linux|Any CPU
		{4EAAA9C2-CF99-46BF-AA6D-67418E998278}.LocalDebug|Any CPU.ActiveCfg = Linux|Any CPU
		{4EAAA9C2-CF99-46BF-AA6D-67418E998278}.LocalDebug|Any CPU.Build.0 = Linux|Any CPU
		{4EAAA9C2-CF99-46BF-AA6D-67418E998278}.LocalDebug|x64.ActiveCfg = Linux|Any CPU
		{4EAAA9C2-CF99-46BF-AA6D-67418E998278}.LocalDebug|x64.Build.0 = Linux|Any CPU
		{4EAAA9C2-CF99-46BF-AA6D-67418E998278}.LocalDebug|x86.ActiveCfg = Linux|Any CPU
		{4EAAA9C2-CF99-46BF-AA6D-67418E998278}.LocalDebug|x86.Build.0 = Linux|Any CPU
		{4EAAA9C2-CF99-46BF-AA6D-67418E998278}.Release|Any CPU.ActiveCfg = Release|Any CPU
		{4EAAA9C2-CF99-46BF-AA6D-67418E998278}.Release|Any CPU.Build.0 = Release|Any CPU
		{4EAAA9C2-CF99-46BF-AA6D-67418E998278}.Release|x64.ActiveCfg = Release|Any CPU
		{4EAAA9C2-CF99-46BF-AA6D-67418E998278}.Release|x64.Build.0 = Release|Any CPU
		{4EAAA9C2-CF99-46BF-AA6D-67418E998278}.Release|x86.ActiveCfg = Release|Any CPU
		{4EAAA9C2-CF99-46BF-AA6D-67418E998278}.Release|x86.Build.0 = Release|Any CPU
		{AD32DD78-8022-46DC-BE63-F03D14AA7B23}.Debug|Any CPU.ActiveCfg = Debug|Any CPU
		{AD32DD78-8022-46DC-BE63-F03D14AA7B23}.Debug|Any CPU.Build.0 = Debug|Any CPU
		{AD32DD78-8022-46DC-BE63-F03D14AA7B23}.Debug|x64.ActiveCfg = Debug|Any CPU
		{AD32DD78-8022-46DC-BE63-F03D14AA7B23}.Debug|x64.Build.0 = Debug|Any CPU
		{AD32DD78-8022-46DC-BE63-F03D14AA7B23}.Debug|x86.ActiveCfg = Debug|Any CPU
		{AD32DD78-8022-46DC-BE63-F03D14AA7B23}.Debug|x86.Build.0 = Debug|Any CPU
		{AD32DD78-8022-46DC-BE63-F03D14AA7B23}.Linux|Any CPU.ActiveCfg = Linux|Any CPU
		{AD32DD78-8022-46DC-BE63-F03D14AA7B23}.Linux|Any CPU.Build.0 = Linux|Any CPU
		{AD32DD78-8022-46DC-BE63-F03D14AA7B23}.Linux|x64.ActiveCfg = Linux|Any CPU
		{AD32DD78-8022-46DC-BE63-F03D14AA7B23}.Linux|x64.Build.0 = Linux|Any CPU
		{AD32DD78-8022-46DC-BE63-F03D14AA7B23}.Linux|x86.ActiveCfg = Linux|Any CPU
		{AD32DD78-8022-46DC-BE63-F03D14AA7B23}.Linux|x86.Build.0 = Linux|Any CPU
		{AD32DD78-8022-46DC-BE63-F03D14AA7B23}.LocalDebug|Any CPU.ActiveCfg = Linux|Any CPU
		{AD32DD78-8022-46DC-BE63-F03D14AA7B23}.LocalDebug|Any CPU.Build.0 = Linux|Any CPU
		{AD32DD78-8022-46DC-BE63-F03D14AA7B23}.LocalDebug|x64.ActiveCfg = Linux|Any CPU
		{AD32DD78-8022-46DC-BE63-F03D14AA7B23}.LocalDebug|x64.Build.0 = Linux|Any CPU
		{AD32DD78-8022-46DC-BE63-F03D14AA7B23}.LocalDebug|x86.ActiveCfg = Linux|Any CPU
		{AD32DD78-8022-46DC-BE63-F03D14AA7B23}.LocalDebug|x86.Build.0 = Linux|Any CPU
		{AD32DD78-8022-46DC-BE63-F03D14AA7B23}.Release|Any CPU.ActiveCfg = Release|Any CPU
		{AD32DD78-8022-46DC-BE63-F03D14AA7B23}.Release|Any CPU.Build.0 = Release|Any CPU
		{AD32DD78-8022-46DC-BE63-F03D14AA7B23}.Release|x64.ActiveCfg = Release|Any CPU
		{AD32DD78-8022-46DC-BE63-F03D14AA7B23}.Release|x64.Build.0 = Release|Any CPU
		{AD32DD78-8022-46DC-BE63-F03D14AA7B23}.Release|x86.ActiveCfg = Release|Any CPU
		{AD32DD78-8022-46DC-BE63-F03D14AA7B23}.Release|x86.Build.0 = Release|Any CPU
		{8350F70B-4A53-4E3F-90CA-D02F61551448}.Debug|Any CPU.ActiveCfg = Debug|Any CPU
		{8350F70B-4A53-4E3F-90CA-D02F61551448}.Debug|Any CPU.Build.0 = Debug|Any CPU
		{8350F70B-4A53-4E3F-90CA-D02F61551448}.Debug|x64.ActiveCfg = Debug|Any CPU
		{8350F70B-4A53-4E3F-90CA-D02F61551448}.Debug|x64.Build.0 = Debug|Any CPU
		{8350F70B-4A53-4E3F-90CA-D02F61551448}.Debug|x86.ActiveCfg = Debug|Any CPU
		{8350F70B-4A53-4E3F-90CA-D02F61551448}.Debug|x86.Build.0 = Debug|Any CPU
		{8350F70B-4A53-4E3F-90CA-D02F61551448}.Linux|Any CPU.ActiveCfg = Debug|Any CPU
		{8350F70B-4A53-4E3F-90CA-D02F61551448}.Linux|Any CPU.Build.0 = Debug|Any CPU
		{8350F70B-4A53-4E3F-90CA-D02F61551448}.Linux|x64.ActiveCfg = Release|Any CPU
		{8350F70B-4A53-4E3F-90CA-D02F61551448}.Linux|x64.Build.0 = Release|Any CPU
		{8350F70B-4A53-4E3F-90CA-D02F61551448}.Linux|x86.ActiveCfg = Release|Any CPU
		{8350F70B-4A53-4E3F-90CA-D02F61551448}.Linux|x86.Build.0 = Release|Any CPU
		{8350F70B-4A53-4E3F-90CA-D02F61551448}.LocalDebug|Any CPU.ActiveCfg = Debug|Any CPU
		{8350F70B-4A53-4E3F-90CA-D02F61551448}.LocalDebug|Any CPU.Build.0 = Debug|Any CPU
		{8350F70B-4A53-4E3F-90CA-D02F61551448}.LocalDebug|x64.ActiveCfg = Debug|Any CPU
		{8350F70B-4A53-4E3F-90CA-D02F61551448}.LocalDebug|x64.Build.0 = Debug|Any CPU
		{8350F70B-4A53-4E3F-90CA-D02F61551448}.LocalDebug|x86.ActiveCfg = Debug|Any CPU
		{8350F70B-4A53-4E3F-90CA-D02F61551448}.LocalDebug|x86.Build.0 = Debug|Any CPU
		{8350F70B-4A53-4E3F-90CA-D02F61551448}.Release|Any CPU.ActiveCfg = Release|Any CPU
		{8350F70B-4A53-4E3F-90CA-D02F61551448}.Release|Any CPU.Build.0 = Release|Any CPU
		{8350F70B-4A53-4E3F-90CA-D02F61551448}.Release|x64.ActiveCfg = Release|Any CPU
		{8350F70B-4A53-4E3F-90CA-D02F61551448}.Release|x64.Build.0 = Release|Any CPU
		{8350F70B-4A53-4E3F-90CA-D02F61551448}.Release|x86.ActiveCfg = Release|Any CPU
		{8350F70B-4A53-4E3F-90CA-D02F61551448}.Release|x86.Build.0 = Release|Any CPU
		{A72CBF98-D280-44D3-B14A-8C0329C62035}.Debug|Any CPU.ActiveCfg = Debug|Any CPU
		{A72CBF98-D280-44D3-B14A-8C0329C62035}.Debug|Any CPU.Build.0 = Debug|Any CPU
		{A72CBF98-D280-44D3-B14A-8C0329C62035}.Debug|x64.ActiveCfg = Debug|Any CPU
		{A72CBF98-D280-44D3-B14A-8C0329C62035}.Debug|x64.Build.0 = Debug|Any CPU
		{A72CBF98-D280-44D3-B14A-8C0329C62035}.Debug|x86.ActiveCfg = Debug|Any CPU
		{A72CBF98-D280-44D3-B14A-8C0329C62035}.Debug|x86.Build.0 = Debug|Any CPU
		{A72CBF98-D280-44D3-B14A-8C0329C62035}.Linux|Any CPU.ActiveCfg = Debug|Any CPU
		{A72CBF98-D280-44D3-B14A-8C0329C62035}.Linux|Any CPU.Build.0 = Debug|Any CPU
		{A72CBF98-D280-44D3-B14A-8C0329C62035}.Linux|x64.ActiveCfg = Release|Any CPU
		{A72CBF98-D280-44D3-B14A-8C0329C62035}.Linux|x64.Build.0 = Release|Any CPU
		{A72CBF98-D280-44D3-B14A-8C0329C62035}.Linux|x86.ActiveCfg = Release|Any CPU
		{A72CBF98-D280-44D3-B14A-8C0329C62035}.Linux|x86.Build.0 = Release|Any CPU
		{A72CBF98-D280-44D3-B14A-8C0329C62035}.LocalDebug|Any CPU.ActiveCfg = Debug|Any CPU
		{A72CBF98-D280-44D3-B14A-8C0329C62035}.LocalDebug|Any CPU.Build.0 = Debug|Any CPU
		{A72CBF98-D280-44D3-B14A-8C0329C62035}.LocalDebug|x64.ActiveCfg = Debug|Any CPU
		{A72CBF98-D280-44D3-B14A-8C0329C62035}.LocalDebug|x64.Build.0 = Debug|Any CPU
		{A72CBF98-D280-44D3-B14A-8C0329C62035}.LocalDebug|x86.ActiveCfg = Debug|Any CPU
		{A72CBF98-D280-44D3-B14A-8C0329C62035}.LocalDebug|x86.Build.0 = Debug|Any CPU
		{A72CBF98-D280-44D3-B14A-8C0329C62035}.Release|Any CPU.ActiveCfg = Release|Any CPU
		{A72CBF98-D280-44D3-B14A-8C0329C62035}.Release|Any CPU.Build.0 = Release|Any CPU
		{A72CBF98-D280-44D3-B14A-8C0329C62035}.Release|x64.ActiveCfg = Release|Any CPU
		{A72CBF98-D280-44D3-B14A-8C0329C62035}.Release|x64.Build.0 = Release|Any CPU
		{A72CBF98-D280-44D3-B14A-8C0329C62035}.Release|x86.ActiveCfg = Release|Any CPU
		{A72CBF98-D280-44D3-B14A-8C0329C62035}.Release|x86.Build.0 = Release|Any CPU
		{7C89AE48-4AAD-4EF1-A75A-4EC2CF739990}.Debug|Any CPU.ActiveCfg = Debug|Any CPU
		{7C89AE48-4AAD-4EF1-A75A-4EC2CF739990}.Debug|Any CPU.Build.0 = Debug|Any CPU
		{7C89AE48-4AAD-4EF1-A75A-4EC2CF739990}.Debug|x64.ActiveCfg = Debug|Any CPU
		{7C89AE48-4AAD-4EF1-A75A-4EC2CF739990}.Debug|x64.Build.0 = Debug|Any CPU
		{7C89AE48-4AAD-4EF1-A75A-4EC2CF739990}.Debug|x86.ActiveCfg = Debug|Any CPU
		{7C89AE48-4AAD-4EF1-A75A-4EC2CF739990}.Debug|x86.Build.0 = Debug|Any CPU
		{7C89AE48-4AAD-4EF1-A75A-4EC2CF739990}.Linux|Any CPU.ActiveCfg = Debug|Any CPU
		{7C89AE48-4AAD-4EF1-A75A-4EC2CF739990}.Linux|Any CPU.Build.0 = Debug|Any CPU
		{7C89AE48-4AAD-4EF1-A75A-4EC2CF739990}.Linux|x64.ActiveCfg = Release|Any CPU
		{7C89AE48-4AAD-4EF1-A75A-4EC2CF739990}.Linux|x64.Build.0 = Release|Any CPU
		{7C89AE48-4AAD-4EF1-A75A-4EC2CF739990}.Linux|x86.ActiveCfg = Release|Any CPU
		{7C89AE48-4AAD-4EF1-A75A-4EC2CF739990}.Linux|x86.Build.0 = Release|Any CPU
		{7C89AE48-4AAD-4EF1-A75A-4EC2CF739990}.LocalDebug|Any CPU.ActiveCfg = Debug|Any CPU
		{7C89AE48-4AAD-4EF1-A75A-4EC2CF739990}.LocalDebug|Any CPU.Build.0 = Debug|Any CPU
		{7C89AE48-4AAD-4EF1-A75A-4EC2CF739990}.LocalDebug|x64.ActiveCfg = Debug|Any CPU
		{7C89AE48-4AAD-4EF1-A75A-4EC2CF739990}.LocalDebug|x64.Build.0 = Debug|Any CPU
		{7C89AE48-4AAD-4EF1-A75A-4EC2CF739990}.LocalDebug|x86.ActiveCfg = Debug|Any CPU
		{7C89AE48-4AAD-4EF1-A75A-4EC2CF739990}.LocalDebug|x86.Build.0 = Debug|Any CPU
		{7C89AE48-4AAD-4EF1-A75A-4EC2CF739990}.Release|Any CPU.ActiveCfg = Release|Any CPU
		{7C89AE48-4AAD-4EF1-A75A-4EC2CF739990}.Release|Any CPU.Build.0 = Release|Any CPU
		{7C89AE48-4AAD-4EF1-A75A-4EC2CF739990}.Release|x64.ActiveCfg = Release|Any CPU
		{7C89AE48-4AAD-4EF1-A75A-4EC2CF739990}.Release|x64.Build.0 = Release|Any CPU
		{7C89AE48-4AAD-4EF1-A75A-4EC2CF739990}.Release|x86.ActiveCfg = Release|Any CPU
		{7C89AE48-4AAD-4EF1-A75A-4EC2CF739990}.Release|x86.Build.0 = Release|Any CPU
		{BCC14AEB-CCC8-4476-8A1C-D8AB9E627B53}.Debug|Any CPU.ActiveCfg = Debug|Any CPU
		{BCC14AEB-CCC8-4476-8A1C-D8AB9E627B53}.Debug|Any CPU.Build.0 = Debug|Any CPU
		{BCC14AEB-CCC8-4476-8A1C-D8AB9E627B53}.Debug|x64.ActiveCfg = Debug|Any CPU
		{BCC14AEB-CCC8-4476-8A1C-D8AB9E627B53}.Debug|x64.Build.0 = Debug|Any CPU
		{BCC14AEB-CCC8-4476-8A1C-D8AB9E627B53}.Debug|x86.ActiveCfg = Debug|Any CPU
		{BCC14AEB-CCC8-4476-8A1C-D8AB9E627B53}.Debug|x86.Build.0 = Debug|Any CPU
		{BCC14AEB-CCC8-4476-8A1C-D8AB9E627B53}.Linux|Any CPU.ActiveCfg = Debug|Any CPU
		{BCC14AEB-CCC8-4476-8A1C-D8AB9E627B53}.Linux|Any CPU.Build.0 = Debug|Any CPU
		{BCC14AEB-CCC8-4476-8A1C-D8AB9E627B53}.Linux|x64.ActiveCfg = Release|Any CPU
		{BCC14AEB-CCC8-4476-8A1C-D8AB9E627B53}.Linux|x64.Build.0 = Release|Any CPU
		{BCC14AEB-CCC8-4476-8A1C-D8AB9E627B53}.Linux|x86.ActiveCfg = Release|Any CPU
		{BCC14AEB-CCC8-4476-8A1C-D8AB9E627B53}.Linux|x86.Build.0 = Release|Any CPU
		{BCC14AEB-CCC8-4476-8A1C-D8AB9E627B53}.LocalDebug|Any CPU.ActiveCfg = Linux|Any CPU
		{BCC14AEB-CCC8-4476-8A1C-D8AB9E627B53}.LocalDebug|Any CPU.Build.0 = Linux|Any CPU
		{BCC14AEB-CCC8-4476-8A1C-D8AB9E627B53}.LocalDebug|x64.ActiveCfg = Linux|Any CPU
		{BCC14AEB-CCC8-4476-8A1C-D8AB9E627B53}.LocalDebug|x64.Build.0 = Linux|Any CPU
		{BCC14AEB-CCC8-4476-8A1C-D8AB9E627B53}.LocalDebug|x86.ActiveCfg = Linux|Any CPU
		{BCC14AEB-CCC8-4476-8A1C-D8AB9E627B53}.LocalDebug|x86.Build.0 = Linux|Any CPU
		{BCC14AEB-CCC8-4476-8A1C-D8AB9E627B53}.Release|Any CPU.ActiveCfg = Release|Any CPU
		{BCC14AEB-CCC8-4476-8A1C-D8AB9E627B53}.Release|Any CPU.Build.0 = Release|Any CPU
		{BCC14AEB-CCC8-4476-8A1C-D8AB9E627B53}.Release|x64.ActiveCfg = Release|Any CPU
		{BCC14AEB-CCC8-4476-8A1C-D8AB9E627B53}.Release|x64.Build.0 = Release|Any CPU
		{BCC14AEB-CCC8-4476-8A1C-D8AB9E627B53}.Release|x86.ActiveCfg = Release|Any CPU
		{BCC14AEB-CCC8-4476-8A1C-D8AB9E627B53}.Release|x86.Build.0 = Release|Any CPU
		{401A8B9E-13CA-428D-A7EB-FD4CC31FC4EA}.Debug|Any CPU.ActiveCfg = Debug|Any CPU
		{401A8B9E-13CA-428D-A7EB-FD4CC31FC4EA}.Debug|Any CPU.Build.0 = Debug|Any CPU
		{401A8B9E-13CA-428D-A7EB-FD4CC31FC4EA}.Debug|x64.ActiveCfg = Debug|Any CPU
		{401A8B9E-13CA-428D-A7EB-FD4CC31FC4EA}.Debug|x64.Build.0 = Debug|Any CPU
		{401A8B9E-13CA-428D-A7EB-FD4CC31FC4EA}.Debug|x86.ActiveCfg = Debug|Any CPU
		{401A8B9E-13CA-428D-A7EB-FD4CC31FC4EA}.Debug|x86.Build.0 = Debug|Any CPU
		{401A8B9E-13CA-428D-A7EB-FD4CC31FC4EA}.Linux|Any CPU.ActiveCfg = Debug|Any CPU
		{401A8B9E-13CA-428D-A7EB-FD4CC31FC4EA}.Linux|Any CPU.Build.0 = Debug|Any CPU
		{401A8B9E-13CA-428D-A7EB-FD4CC31FC4EA}.Linux|x64.ActiveCfg = Debug|Any CPU
		{401A8B9E-13CA-428D-A7EB-FD4CC31FC4EA}.Linux|x64.Build.0 = Debug|Any CPU
		{401A8B9E-13CA-428D-A7EB-FD4CC31FC4EA}.Linux|x86.ActiveCfg = Debug|Any CPU
		{401A8B9E-13CA-428D-A7EB-FD4CC31FC4EA}.Linux|x86.Build.0 = Debug|Any CPU
		{401A8B9E-13CA-428D-A7EB-FD4CC31FC4EA}.LocalDebug|Any CPU.ActiveCfg = Debug|Any CPU
		{401A8B9E-13CA-428D-A7EB-FD4CC31FC4EA}.LocalDebug|Any CPU.Build.0 = Debug|Any CPU
		{401A8B9E-13CA-428D-A7EB-FD4CC31FC4EA}.LocalDebug|x64.ActiveCfg = Debug|Any CPU
		{401A8B9E-13CA-428D-A7EB-FD4CC31FC4EA}.LocalDebug|x64.Build.0 = Debug|Any CPU
		{401A8B9E-13CA-428D-A7EB-FD4CC31FC4EA}.LocalDebug|x86.ActiveCfg = Debug|Any CPU
		{401A8B9E-13CA-428D-A7EB-FD4CC31FC4EA}.LocalDebug|x86.Build.0 = Debug|Any CPU
		{401A8B9E-13CA-428D-A7EB-FD4CC31FC4EA}.Release|Any CPU.ActiveCfg = Release|Any CPU
		{401A8B9E-13CA-428D-A7EB-FD4CC31FC4EA}.Release|Any CPU.Build.0 = Release|Any CPU
		{401A8B9E-13CA-428D-A7EB-FD4CC31FC4EA}.Release|x64.ActiveCfg = Release|Any CPU
		{401A8B9E-13CA-428D-A7EB-FD4CC31FC4EA}.Release|x64.Build.0 = Release|Any CPU
		{401A8B9E-13CA-428D-A7EB-FD4CC31FC4EA}.Release|x86.ActiveCfg = Release|Any CPU
		{401A8B9E-13CA-428D-A7EB-FD4CC31FC4EA}.Release|x86.Build.0 = Release|Any CPU
		{A8D51453-0713-42B0-A387-37169C019442}.Debug|Any CPU.ActiveCfg = Debug|Any CPU
		{A8D51453-0713-42B0-A387-37169C019442}.Debug|Any CPU.Build.0 = Debug|Any CPU
		{A8D51453-0713-42B0-A387-37169C019442}.Debug|x64.ActiveCfg = Debug|x64
		{A8D51453-0713-42B0-A387-37169C019442}.Debug|x64.Build.0 = Debug|x64
		{A8D51453-0713-42B0-A387-37169C019442}.Debug|x86.ActiveCfg = Debug|x64
		{A8D51453-0713-42B0-A387-37169C019442}.Debug|x86.Build.0 = Debug|x64
		{A8D51453-0713-42B0-A387-37169C019442}.Linux|Any CPU.ActiveCfg = Debug|Any CPU
		{A8D51453-0713-42B0-A387-37169C019442}.Linux|Any CPU.Build.0 = Debug|Any CPU
		{A8D51453-0713-42B0-A387-37169C019442}.Linux|x64.ActiveCfg = Debug|x64
		{A8D51453-0713-42B0-A387-37169C019442}.Linux|x64.Build.0 = Debug|x64
		{A8D51453-0713-42B0-A387-37169C019442}.Linux|x86.ActiveCfg = Debug|x64
		{A8D51453-0713-42B0-A387-37169C019442}.Linux|x86.Build.0 = Debug|x64
		{A8D51453-0713-42B0-A387-37169C019442}.LocalDebug|Any CPU.ActiveCfg = Linux|Any CPU
		{A8D51453-0713-42B0-A387-37169C019442}.LocalDebug|Any CPU.Build.0 = Linux|Any CPU
		{A8D51453-0713-42B0-A387-37169C019442}.LocalDebug|x64.ActiveCfg = Debug|x64
		{A8D51453-0713-42B0-A387-37169C019442}.LocalDebug|x64.Build.0 = Debug|x64
		{A8D51453-0713-42B0-A387-37169C019442}.LocalDebug|x86.ActiveCfg = Linux|Any CPU
		{A8D51453-0713-42B0-A387-37169C019442}.LocalDebug|x86.Build.0 = Linux|Any CPU
		{A8D51453-0713-42B0-A387-37169C019442}.Release|Any CPU.ActiveCfg = Release|Any CPU
		{A8D51453-0713-42B0-A387-37169C019442}.Release|Any CPU.Build.0 = Release|Any CPU
		{A8D51453-0713-42B0-A387-37169C019442}.Release|x64.ActiveCfg = Release|x64
		{A8D51453-0713-42B0-A387-37169C019442}.Release|x64.Build.0 = Release|x64
		{A8D51453-0713-42B0-A387-37169C019442}.Release|x86.ActiveCfg = Release|x64
		{A8D51453-0713-42B0-A387-37169C019442}.Release|x86.Build.0 = Release|x64
		{71D932B0-E768-4EA8-9582-1A74CEECFB4D}.Debug|Any CPU.ActiveCfg = Debug|Any CPU
		{71D932B0-E768-4EA8-9582-1A74CEECFB4D}.Debug|Any CPU.Build.0 = Debug|Any CPU
		{71D932B0-E768-4EA8-9582-1A74CEECFB4D}.Debug|x64.ActiveCfg = Debug|Any CPU
		{71D932B0-E768-4EA8-9582-1A74CEECFB4D}.Debug|x64.Build.0 = Debug|Any CPU
		{71D932B0-E768-4EA8-9582-1A74CEECFB4D}.Debug|x86.ActiveCfg = Debug|Any CPU
		{71D932B0-E768-4EA8-9582-1A74CEECFB4D}.Debug|x86.Build.0 = Debug|Any CPU
		{71D932B0-E768-4EA8-9582-1A74CEECFB4D}.Linux|Any CPU.ActiveCfg = Linux|Any CPU
		{71D932B0-E768-4EA8-9582-1A74CEECFB4D}.Linux|Any CPU.Build.0 = Linux|Any CPU
		{71D932B0-E768-4EA8-9582-1A74CEECFB4D}.Linux|x64.ActiveCfg = Linux|Any CPU
		{71D932B0-E768-4EA8-9582-1A74CEECFB4D}.Linux|x64.Build.0 = Linux|Any CPU
		{71D932B0-E768-4EA8-9582-1A74CEECFB4D}.Linux|x86.ActiveCfg = Linux|Any CPU
		{71D932B0-E768-4EA8-9582-1A74CEECFB4D}.Linux|x86.Build.0 = Linux|Any CPU
		{71D932B0-E768-4EA8-9582-1A74CEECFB4D}.LocalDebug|Any CPU.ActiveCfg = Debug|Any CPU
		{71D932B0-E768-4EA8-9582-1A74CEECFB4D}.LocalDebug|Any CPU.Build.0 = Debug|Any CPU
		{71D932B0-E768-4EA8-9582-1A74CEECFB4D}.LocalDebug|x64.ActiveCfg = Debug|Any CPU
		{71D932B0-E768-4EA8-9582-1A74CEECFB4D}.LocalDebug|x64.Build.0 = Debug|Any CPU
		{71D932B0-E768-4EA8-9582-1A74CEECFB4D}.LocalDebug|x86.ActiveCfg = Debug|Any CPU
		{71D932B0-E768-4EA8-9582-1A74CEECFB4D}.LocalDebug|x86.Build.0 = Debug|Any CPU
		{71D932B0-E768-4EA8-9582-1A74CEECFB4D}.Release|Any CPU.ActiveCfg = Release|Any CPU
		{71D932B0-E768-4EA8-9582-1A74CEECFB4D}.Release|Any CPU.Build.0 = Release|Any CPU
		{71D932B0-E768-4EA8-9582-1A74CEECFB4D}.Release|x64.ActiveCfg = Release|Any CPU
		{71D932B0-E768-4EA8-9582-1A74CEECFB4D}.Release|x64.Build.0 = Release|Any CPU
		{71D932B0-E768-4EA8-9582-1A74CEECFB4D}.Release|x86.ActiveCfg = Release|Any CPU
		{71D932B0-E768-4EA8-9582-1A74CEECFB4D}.Release|x86.Build.0 = Release|Any CPU
		{809F5F10-C8B9-4C01-90F0-48D8FB02D94B}.Debug|Any CPU.ActiveCfg = Debug|Any CPU
		{809F5F10-C8B9-4C01-90F0-48D8FB02D94B}.Debug|Any CPU.Build.0 = Debug|Any CPU
		{809F5F10-C8B9-4C01-90F0-48D8FB02D94B}.Debug|x64.ActiveCfg = Debug|Any CPU
		{809F5F10-C8B9-4C01-90F0-48D8FB02D94B}.Debug|x64.Build.0 = Debug|Any CPU
		{809F5F10-C8B9-4C01-90F0-48D8FB02D94B}.Debug|x86.ActiveCfg = Debug|Any CPU
		{809F5F10-C8B9-4C01-90F0-48D8FB02D94B}.Debug|x86.Build.0 = Debug|Any CPU
		{809F5F10-C8B9-4C01-90F0-48D8FB02D94B}.Linux|Any CPU.ActiveCfg = Linux|Any CPU
		{809F5F10-C8B9-4C01-90F0-48D8FB02D94B}.Linux|Any CPU.Build.0 = Linux|Any CPU
		{809F5F10-C8B9-4C01-90F0-48D8FB02D94B}.Linux|x64.ActiveCfg = Linux|Any CPU
		{809F5F10-C8B9-4C01-90F0-48D8FB02D94B}.Linux|x64.Build.0 = Linux|Any CPU
		{809F5F10-C8B9-4C01-90F0-48D8FB02D94B}.Linux|x86.ActiveCfg = Linux|Any CPU
		{809F5F10-C8B9-4C01-90F0-48D8FB02D94B}.Linux|x86.Build.0 = Linux|Any CPU
		{809F5F10-C8B9-4C01-90F0-48D8FB02D94B}.LocalDebug|Any CPU.ActiveCfg = LocalDebug|Any CPU
		{809F5F10-C8B9-4C01-90F0-48D8FB02D94B}.LocalDebug|Any CPU.Build.0 = LocalDebug|Any CPU
		{809F5F10-C8B9-4C01-90F0-48D8FB02D94B}.LocalDebug|x64.ActiveCfg = LocalDebug|Any CPU
		{809F5F10-C8B9-4C01-90F0-48D8FB02D94B}.LocalDebug|x64.Build.0 = LocalDebug|Any CPU
		{809F5F10-C8B9-4C01-90F0-48D8FB02D94B}.LocalDebug|x86.ActiveCfg = LocalDebug|Any CPU
		{809F5F10-C8B9-4C01-90F0-48D8FB02D94B}.LocalDebug|x86.Build.0 = LocalDebug|Any CPU
		{809F5F10-C8B9-4C01-90F0-48D8FB02D94B}.Release|Any CPU.ActiveCfg = Release|Any CPU
		{809F5F10-C8B9-4C01-90F0-48D8FB02D94B}.Release|Any CPU.Build.0 = Release|Any CPU
		{809F5F10-C8B9-4C01-90F0-48D8FB02D94B}.Release|x64.ActiveCfg = Release|Any CPU
		{809F5F10-C8B9-4C01-90F0-48D8FB02D94B}.Release|x64.Build.0 = Release|Any CPU
		{809F5F10-C8B9-4C01-90F0-48D8FB02D94B}.Release|x86.ActiveCfg = Release|Any CPU
		{809F5F10-C8B9-4C01-90F0-48D8FB02D94B}.Release|x86.Build.0 = Release|Any CPU
		{A554DBC3-C9CC-480B-A565-93BA04DAABE7}.Debug|Any CPU.ActiveCfg = Debug|Any CPU
		{A554DBC3-C9CC-480B-A565-93BA04DAABE7}.Debug|Any CPU.Build.0 = Debug|Any CPU
		{A554DBC3-C9CC-480B-A565-93BA04DAABE7}.Debug|x64.ActiveCfg = Debug|Any CPU
		{A554DBC3-C9CC-480B-A565-93BA04DAABE7}.Debug|x64.Build.0 = Debug|Any CPU
		{A554DBC3-C9CC-480B-A565-93BA04DAABE7}.Debug|x86.ActiveCfg = Debug|Any CPU
		{A554DBC3-C9CC-480B-A565-93BA04DAABE7}.Debug|x86.Build.0 = Debug|Any CPU
		{A554DBC3-C9CC-480B-A565-93BA04DAABE7}.Linux|Any CPU.ActiveCfg = Linux|Any CPU
		{A554DBC3-C9CC-480B-A565-93BA04DAABE7}.Linux|Any CPU.Build.0 = Linux|Any CPU
		{A554DBC3-C9CC-480B-A565-93BA04DAABE7}.Linux|x64.ActiveCfg = Linux|Any CPU
		{A554DBC3-C9CC-480B-A565-93BA04DAABE7}.Linux|x64.Build.0 = Linux|Any CPU
		{A554DBC3-C9CC-480B-A565-93BA04DAABE7}.Linux|x86.ActiveCfg = Linux|Any CPU
		{A554DBC3-C9CC-480B-A565-93BA04DAABE7}.Linux|x86.Build.0 = Linux|Any CPU
		{A554DBC3-C9CC-480B-A565-93BA04DAABE7}.LocalDebug|Any CPU.ActiveCfg = LocalDebug|Any CPU
		{A554DBC3-C9CC-480B-A565-93BA04DAABE7}.LocalDebug|Any CPU.Build.0 = LocalDebug|Any CPU
		{A554DBC3-C9CC-480B-A565-93BA04DAABE7}.LocalDebug|x64.ActiveCfg = LocalDebug|Any CPU
		{A554DBC3-C9CC-480B-A565-93BA04DAABE7}.LocalDebug|x64.Build.0 = LocalDebug|Any CPU
		{A554DBC3-C9CC-480B-A565-93BA04DAABE7}.LocalDebug|x86.ActiveCfg = LocalDebug|Any CPU
		{A554DBC3-C9CC-480B-A565-93BA04DAABE7}.LocalDebug|x86.Build.0 = LocalDebug|Any CPU
		{A554DBC3-C9CC-480B-A565-93BA04DAABE7}.Release|Any CPU.ActiveCfg = Release|Any CPU
		{A554DBC3-C9CC-480B-A565-93BA04DAABE7}.Release|Any CPU.Build.0 = Release|Any CPU
		{A554DBC3-C9CC-480B-A565-93BA04DAABE7}.Release|x64.ActiveCfg = Release|Any CPU
		{A554DBC3-C9CC-480B-A565-93BA04DAABE7}.Release|x64.Build.0 = Release|Any CPU
		{A554DBC3-C9CC-480B-A565-93BA04DAABE7}.Release|x86.ActiveCfg = Release|Any CPU
		{A554DBC3-C9CC-480B-A565-93BA04DAABE7}.Release|x86.Build.0 = Release|Any CPU
		{2319C479-B454-4BEE-97DC-8A7CA118004D}.Debug|Any CPU.ActiveCfg = Debug|Any CPU
		{2319C479-B454-4BEE-97DC-8A7CA118004D}.Debug|x64.ActiveCfg = Debug|Any CPU
		{2319C479-B454-4BEE-97DC-8A7CA118004D}.Debug|x64.Build.0 = Debug|Any CPU
		{2319C479-B454-4BEE-97DC-8A7CA118004D}.Debug|x86.ActiveCfg = Debug|Any CPU
		{2319C479-B454-4BEE-97DC-8A7CA118004D}.Debug|x86.Build.0 = Debug|Any CPU
		{2319C479-B454-4BEE-97DC-8A7CA118004D}.Linux|Any CPU.ActiveCfg = Linux|Any CPU
		{2319C479-B454-4BEE-97DC-8A7CA118004D}.Linux|x64.ActiveCfg = Linux|Any CPU
		{2319C479-B454-4BEE-97DC-8A7CA118004D}.Linux|x64.Build.0 = Linux|Any CPU
		{2319C479-B454-4BEE-97DC-8A7CA118004D}.Linux|x86.ActiveCfg = Linux|Any CPU
		{2319C479-B454-4BEE-97DC-8A7CA118004D}.Linux|x86.Build.0 = Linux|Any CPU
		{2319C479-B454-4BEE-97DC-8A7CA118004D}.LocalDebug|Any CPU.ActiveCfg = Debug|Any CPU
		{2319C479-B454-4BEE-97DC-8A7CA118004D}.LocalDebug|Any CPU.Build.0 = Debug|Any CPU
		{2319C479-B454-4BEE-97DC-8A7CA118004D}.LocalDebug|x64.ActiveCfg = Debug|Any CPU
		{2319C479-B454-4BEE-97DC-8A7CA118004D}.LocalDebug|x64.Build.0 = Debug|Any CPU
		{2319C479-B454-4BEE-97DC-8A7CA118004D}.LocalDebug|x86.ActiveCfg = Debug|Any CPU
		{2319C479-B454-4BEE-97DC-8A7CA118004D}.LocalDebug|x86.Build.0 = Debug|Any CPU
		{2319C479-B454-4BEE-97DC-8A7CA118004D}.Release|Any CPU.ActiveCfg = Release|Any CPU
		{2319C479-B454-4BEE-97DC-8A7CA118004D}.Release|x64.ActiveCfg = Release|Any CPU
		{2319C479-B454-4BEE-97DC-8A7CA118004D}.Release|x64.Build.0 = Release|Any CPU
		{2319C479-B454-4BEE-97DC-8A7CA118004D}.Release|x86.ActiveCfg = Release|Any CPU
		{2319C479-B454-4BEE-97DC-8A7CA118004D}.Release|x86.Build.0 = Release|Any CPU
	EndGlobalSection
	GlobalSection(SolutionProperties) = preSolution
		HideSolutionNode = FALSE
	EndGlobalSection
	GlobalSection(NestedProjects) = preSolution
		{E18E6284-5533-4FCC-A15C-7221648AAC77} = {6EB00041-D9F4-4A24-BC19-AE55BD16D930}
		{9029B514-9A49-4CCC-AA0F-E3EDCD7A6A52} = {6EB00041-D9F4-4A24-BC19-AE55BD16D930}
		{86C8282F-31CF-419F-99DF-18D84C561EC7} = {57BAAC60-13E0-4B56-AAE9-6A8DF6A6DDBE}
		{4EAAA9C2-CF99-46BF-AA6D-67418E998278} = {57BAAC60-13E0-4B56-AAE9-6A8DF6A6DDBE}
		{AD32DD78-8022-46DC-BE63-F03D14AA7B23} = {6EB00041-D9F4-4A24-BC19-AE55BD16D930}
		{8350F70B-4A53-4E3F-90CA-D02F61551448} = {6EB00041-D9F4-4A24-BC19-AE55BD16D930}
		{A72CBF98-D280-44D3-B14A-8C0329C62035} = {57BAAC60-13E0-4B56-AAE9-6A8DF6A6DDBE}
		{7C89AE48-4AAD-4EF1-A75A-4EC2CF739990} = {57BAAC60-13E0-4B56-AAE9-6A8DF6A6DDBE}
		{BCC14AEB-CCC8-4476-8A1C-D8AB9E627B53} = {6EB00041-D9F4-4A24-BC19-AE55BD16D930}
		{401A8B9E-13CA-428D-A7EB-FD4CC31FC4EA} = {6EB00041-D9F4-4A24-BC19-AE55BD16D930}
		{A8D51453-0713-42B0-A387-37169C019442} = {7B0D0F77-9A35-4199-A894-438DBDB6EB77}
		{C078A912-A106-458F-9187-6F16421935AB} = {7B0D0F77-9A35-4199-A894-438DBDB6EB77}
		{71D932B0-E768-4EA8-9582-1A74CEECFB4D} = {7B0D0F77-9A35-4199-A894-438DBDB6EB77}
		{809F5F10-C8B9-4C01-90F0-48D8FB02D94B} = {C078A912-A106-458F-9187-6F16421935AB}
		{A554DBC3-C9CC-480B-A565-93BA04DAABE7} = {C078A912-A106-458F-9187-6F16421935AB}
		{2319C479-B454-4BEE-97DC-8A7CA118004D} = {E5487D6E-0BA9-4EC9-AFC7-81B11DAD15F2}
	EndGlobalSection
	GlobalSection(ExtensibilityGlobals) = postSolution
		SolutionGuid = {E98EDC57-AB16-49BA-AE73-423CE7CCFEBE}
	EndGlobalSection
EndGlobal
