Microsoft Visual Studio Solution File, Format Version 12.00
# Visual Studio Version 17
VisualStudioVersion = 17.5.33424.131
MinimumVisualStudioVersion = 10.0.40219.1
Project("{2150E333-8FDC-42A3-9474-1A3956D46DE8}") = "Application", "Application", "{A7867EFD-DD82-4E00-B3F0-14CE01102B84}"
EndProject
Project("{2150E333-8FDC-42A3-9474-1A3956D46DE8}") = "Core", "Core", "{ACAE2059-E80E-4BAB-90FE-3C8FD6CA89F4}"
EndProject
Project("{2150E333-8FDC-42A3-9474-1A3956D46DE8}") = "Solution Items", "Solution Items", "{287181C0-4726-4FEA-8032-C7A0AFF9B986}"
	ProjectSection(SolutionItems) = preProject
		.editorconfig = .editorconfig
	EndProjectSection
EndProject
Project("{9A19103F-16F7-4668-BE54-9A1E7A4F7556}") = "TFX.Core.Access", "Core\TFX.Core.Access\TFX.Core.Access.csproj", "{142734EE-51E8-4006-AA97-B129ED3BF0A9}"
EndProject
Project("{9A19103F-16F7-4668-BE54-9A1E7A4F7556}") = "LauncherID", "Application\LauncherID\LauncherID.csproj", "{32351C31-754A-43C1-8E72-0E58DBEF2443}"
EndProject
Project("{9A19103F-16F7-4668-BE54-9A1E7A4F7556}") = "TFX.Core", "Core\TFX.Core\TFX.Core.csproj", "{F16E0EB9-67A7-4496-B85A-39A6564437EF}"
EndProject
Project("{9A19103F-16F7-4668-BE54-9A1E7A4F7556}") = "TFX.Core.Test", "Core\TFX.Core.Test\TFX.Core.Test.csproj", "{E33C0319-9F82-4744-AF11-BB1C82C9C589}"
EndProject
Project("{54A90642-561A-4BB1-A94E-469ADEE60C69}") = "TFX.Core.UI", "Core\TFX.Core.UI\TFX.Core.UI.esproj", "{4E7D1700-8DDC-4079-4FB9-6D1DE0D15474}"
EndProject
Project("{FAE04EC0-301F-11D3-BF4B-00C04F79EFBC}") = "Launcher", "Application\Launcher\Launcher.csproj", "{AEEF3804-BE22-0BFE-D58F-435B29D1809E}"
EndProject
Project("{FAE04EC0-301F-11D3-BF4B-00C04F79EFBC}") = "TFX.Core.Data", "Core\TFX.Core.Data\TFX.Core.Data.csproj", "{3664B9D5-7787-E44C-654D-C8E43A5F3F60}"
EndProject
Project("{FAE04EC0-301F-11D3-BF4B-00C04F79EFBC}") = "TFX.Core.Journal", "Core\TFX.Core.Journal\TFX.Core.Journal.csproj", "{53528F3E-F1BC-5AB3-047D-E94739B1B6F8}"
EndProject
Project("{2150E333-8FDC-42A3-9474-1A3956D46DE8}") = "Modules", "Modules", "{02EA681E-C7D8-13C7-8484-4AC65E1B71E8}"
EndProject
Project("{2150E333-8FDC-42A3-9474-1A3956D46DE8}") = "ESC", "ESC", "{9829F90F-629A-4E9A-B1CD-8535EEAE735C}"
EndProject
Project("{FAE04EC0-301F-11D3-BF4B-00C04F79EFBC}") = "TFX.ESC.Core", "Modules\ESC\TFX.ESC.Core\TFX.ESC.Core.csproj", "{C2805E2F-1A4E-31E1-EF1B-F50F185B29E8}"
EndProject
Project("{FAE04EC0-301F-11D3-BF4B-00C04F79EFBC}") = "TFX.ESC.Core.Test", "Modules\ESC\TFX.ESC.Core.Test\TFX.ESC.Core.Test.csproj", "{9FBD2240-2451-A90B-D1B5-10B0B8E5E064}"
EndProject
Project("{FAE04EC0-301F-11D3-BF4B-00C04F79EFBC}") = "TFX.Core.Test.Setup", "Core\TFX.Core.Test.Setup\TFX.Core.Test.Setup.csproj", "{0574624A-A55C-C4E5-B520-A0F394CB77E6}"
EndProject
Project("{FAE04EC0-301F-11D3-BF4B-00C04F79EFBC}") = "TFX.Core.Access.Test", "Core\TFX.Core.Access.Test\TFX.Core.Access.Test.csproj", "{F24D5894-9144-EB67-42BF-D2E5F72C2D9B}"
EndProject
Project("{FAE04EC0-301F-11D3-BF4B-00C04F79EFBC}") = "TFX.Core.Data.Test", "Core\TFX.Core.Data.Test\TFX.Core.Data.Test.csproj", "{45362622-B243-3FA3-4DC1-23653B24A4E3}"
EndProject
Project("{2150E333-8FDC-42A3-9474-1A3956D46DE8}") = "Test", "Test", "{0ACE901C-1273-40B7-8EEE-EE584EF8DFC4}"
EndProject
Project("{2150E333-8FDC-42A3-9474-1A3956D46DE8}") = "UI", "UI", "{7B57619B-CF94-45A1-9B72-7637B5D87634}"
EndProject
Project("{2150E333-8FDC-42A3-9474-1A3956D46DE8}") = "Test", "Test", "{2631A8AF-0B5D-46BA-819B-961C6003BFC0}"
EndProject
Global
	GlobalSection(SolutionConfigurationPlatforms) = preSolution
		Debug|Any CPU = Debug|Any CPU
		Release|Any CPU = Release|Any CPU
	EndGlobalSection
	GlobalSection(ProjectConfigurationPlatforms) = postSolution
		{142734EE-51E8-4006-AA97-B129ED3BF0A9}.Debug|Any CPU.ActiveCfg = Debug|Any CPU
		{142734EE-51E8-4006-AA97-B129ED3BF0A9}.Debug|Any CPU.Build.0 = Debug|Any CPU
		{142734EE-51E8-4006-AA97-B129ED3BF0A9}.Release|Any CPU.ActiveCfg = Release|Any CPU
		{142734EE-51E8-4006-AA97-B129ED3BF0A9}.Release|Any CPU.Build.0 = Release|Any CPU
		{32351C31-754A-43C1-8E72-0E58DBEF2443}.Debug|Any CPU.ActiveCfg = Debug|Any CPU
		{32351C31-754A-43C1-8E72-0E58DBEF2443}.Debug|Any CPU.Build.0 = Debug|Any CPU
		{32351C31-754A-43C1-8E72-0E58DBEF2443}.Release|Any CPU.ActiveCfg = Release|Any CPU
		{32351C31-754A-43C1-8E72-0E58DBEF2443}.Release|Any CPU.Build.0 = Release|Any CPU
		{F16E0EB9-67A7-4496-B85A-39A6564437EF}.Debug|Any CPU.ActiveCfg = Debug|Any CPU
		{F16E0EB9-67A7-4496-B85A-39A6564437EF}.Debug|Any CPU.Build.0 = Debug|Any CPU
		{F16E0EB9-67A7-4496-B85A-39A6564437EF}.Release|Any CPU.ActiveCfg = Release|Any CPU
		{F16E0EB9-67A7-4496-B85A-39A6564437EF}.Release|Any CPU.Build.0 = Release|Any CPU
		{E33C0319-9F82-4744-AF11-BB1C82C9C589}.Debug|Any CPU.ActiveCfg = Debug|Any CPU
		{E33C0319-9F82-4744-AF11-BB1C82C9C589}.Debug|Any CPU.Build.0 = Debug|Any CPU
		{E33C0319-9F82-4744-AF11-BB1C82C9C589}.Release|Any CPU.ActiveCfg = Release|Any CPU
		{E33C0319-9F82-4744-AF11-BB1C82C9C589}.Release|Any CPU.Build.0 = Release|Any CPU
		{4E7D1700-8DDC-4079-4FB9-6D1DE0D15474}.Debug|Any CPU.ActiveCfg = Debug|Any CPU
		{4E7D1700-8DDC-4079-4FB9-6D1DE0D15474}.Release|Any CPU.ActiveCfg = Release|Any CPU
		{4E7D1700-8DDC-4079-4FB9-6D1DE0D15474}.Release|Any CPU.Build.0 = Release|Any CPU
		{4E7D1700-8DDC-4079-4FB9-6D1DE0D15474}.Release|Any CPU.Deploy.0 = Release|Any CPU
		{AEEF3804-BE22-0BFE-D58F-435B29D1809E}.Debug|Any CPU.ActiveCfg = Debug|Any CPU
		{AEEF3804-BE22-0BFE-D58F-435B29D1809E}.Debug|Any CPU.Build.0 = Debug|Any CPU
		{AEEF3804-BE22-0BFE-D58F-435B29D1809E}.Release|Any CPU.ActiveCfg = Release|Any CPU
		{AEEF3804-BE22-0BFE-D58F-435B29D1809E}.Release|Any CPU.Build.0 = Release|Any CPU
		{3664B9D5-7787-E44C-654D-C8E43A5F3F60}.Debug|Any CPU.ActiveCfg = Debug|Any CPU
		{3664B9D5-7787-E44C-654D-C8E43A5F3F60}.Debug|Any CPU.Build.0 = Debug|Any CPU
		{3664B9D5-7787-E44C-654D-C8E43A5F3F60}.Release|Any CPU.ActiveCfg = Release|Any CPU
		{3664B9D5-7787-E44C-654D-C8E43A5F3F60}.Release|Any CPU.Build.0 = Release|Any CPU
		{53528F3E-F1BC-5AB3-047D-E94739B1B6F8}.Debug|Any CPU.ActiveCfg = Debug|Any CPU
		{53528F3E-F1BC-5AB3-047D-E94739B1B6F8}.Debug|Any CPU.Build.0 = Debug|Any CPU
		{53528F3E-F1BC-5AB3-047D-E94739B1B6F8}.Release|Any CPU.ActiveCfg = Release|Any CPU
		{53528F3E-F1BC-5AB3-047D-E94739B1B6F8}.Release|Any CPU.Build.0 = Release|Any CPU
		{C2805E2F-1A4E-31E1-EF1B-F50F185B29E8}.Debug|Any CPU.ActiveCfg = Debug|Any CPU
		{C2805E2F-1A4E-31E1-EF1B-F50F185B29E8}.Debug|Any CPU.Build.0 = Debug|Any CPU
		{C2805E2F-1A4E-31E1-EF1B-F50F185B29E8}.Release|Any CPU.ActiveCfg = Release|Any CPU
		{C2805E2F-1A4E-31E1-EF1B-F50F185B29E8}.Release|Any CPU.Build.0 = Release|Any CPU
		{9FBD2240-2451-A90B-D1B5-10B0B8E5E064}.Debug|Any CPU.ActiveCfg = Debug|Any CPU
		{9FBD2240-2451-A90B-D1B5-10B0B8E5E064}.Debug|Any CPU.Build.0 = Debug|Any CPU
		{9FBD2240-2451-A90B-D1B5-10B0B8E5E064}.Release|Any CPU.ActiveCfg = Release|Any CPU
		{9FBD2240-2451-A90B-D1B5-10B0B8E5E064}.Release|Any CPU.Build.0 = Release|Any CPU
		{0574624A-A55C-C4E5-B520-A0F394CB77E6}.Debug|Any CPU.ActiveCfg = Debug|Any CPU
		{0574624A-A55C-C4E5-B520-A0F394CB77E6}.Debug|Any CPU.Build.0 = Debug|Any CPU
		{0574624A-A55C-C4E5-B520-A0F394CB77E6}.Release|Any CPU.ActiveCfg = Release|Any CPU
		{0574624A-A55C-C4E5-B520-A0F394CB77E6}.Release|Any CPU.Build.0 = Release|Any CPU
		{F24D5894-9144-EB67-42BF-D2E5F72C2D9B}.Debug|Any CPU.ActiveCfg = Debug|Any CPU
		{F24D5894-9144-EB67-42BF-D2E5F72C2D9B}.Debug|Any CPU.Build.0 = Debug|Any CPU
		{F24D5894-9144-EB67-42BF-D2E5F72C2D9B}.Release|Any CPU.ActiveCfg = Release|Any CPU
		{F24D5894-9144-EB67-42BF-D2E5F72C2D9B}.Release|Any CPU.Build.0 = Release|Any CPU
		{45362622-B243-3FA3-4DC1-23653B24A4E3}.Debug|Any CPU.ActiveCfg = Debug|Any CPU
		{45362622-B243-3FA3-4DC1-23653B24A4E3}.Debug|Any CPU.Build.0 = Debug|Any CPU
		{45362622-B243-3FA3-4DC1-23653B24A4E3}.Release|Any CPU.ActiveCfg = Release|Any CPU
		{45362622-B243-3FA3-4DC1-23653B24A4E3}.Release|Any CPU.Build.0 = Release|Any CPU
	EndGlobalSection
	GlobalSection(SolutionProperties) = preSolution
		HideSolutionNode = FALSE
	EndGlobalSection
	GlobalSection(NestedProjects) = preSolution
		{142734EE-51E8-4006-AA97-B129ED3BF0A9} = {ACAE2059-E80E-4BAB-90FE-3C8FD6CA89F4}
		{32351C31-754A-43C1-8E72-0E58DBEF2443} = {A7867EFD-DD82-4E00-B3F0-14CE01102B84}
		{F16E0EB9-67A7-4496-B85A-39A6564437EF} = {ACAE2059-E80E-4BAB-90FE-3C8FD6CA89F4}
		{E33C0319-9F82-4744-AF11-BB1C82C9C589} = {0ACE901C-1273-40B7-8EEE-EE584EF8DFC4}
		{4E7D1700-8DDC-4079-4FB9-6D1DE0D15474} = {7B57619B-CF94-45A1-9B72-7637B5D87634}
		{AEEF3804-BE22-0BFE-D58F-435B29D1809E} = {A7867EFD-DD82-4E00-B3F0-14CE01102B84}
		{3664B9D5-7787-E44C-654D-C8E43A5F3F60} = {ACAE2059-E80E-4BAB-90FE-3C8FD6CA89F4}
		{53528F3E-F1BC-5AB3-047D-E94739B1B6F8} = {ACAE2059-E80E-4BAB-90FE-3C8FD6CA89F4}
		{9829F90F-629A-4E9A-B1CD-8535EEAE735C} = {02EA681E-C7D8-13C7-8484-4AC65E1B71E8}
		{C2805E2F-1A4E-31E1-EF1B-F50F185B29E8} = {9829F90F-629A-4E9A-B1CD-8535EEAE735C}
		{9FBD2240-2451-A90B-D1B5-10B0B8E5E064} = {2631A8AF-0B5D-46BA-819B-961C6003BFC0}
		{0574624A-A55C-C4E5-B520-A0F394CB77E6} = {0ACE901C-1273-40B7-8EEE-EE584EF8DFC4}
		{F24D5894-9144-EB67-42BF-D2E5F72C2D9B} = {0ACE901C-1273-40B7-8EEE-EE584EF8DFC4}
		{45362622-B243-3FA3-4DC1-23653B24A4E3} = {0ACE901C-1273-40B7-8EEE-EE584EF8DFC4}
		{0ACE901C-1273-40B7-8EEE-EE584EF8DFC4} = {ACAE2059-E80E-4BAB-90FE-3C8FD6CA89F4}
		{7B57619B-CF94-45A1-9B72-7637B5D87634} = {ACAE2059-E80E-4BAB-90FE-3C8FD6CA89F4}
		{2631A8AF-0B5D-46BA-819B-961C6003BFC0} = {9829F90F-629A-4E9A-B1CD-8535EEAE735C}
	EndGlobalSection
	GlobalSection(ExtensibilityGlobals) = postSolution
		SolutionGuid = {37BBCA9E-6156-43DD-B5AF-95AE07B73EDF}
	EndGlobalSection
EndGlobal
